
Microsoft Visual Studio Solution File, Format Version 12.00
# Visual Studio Version 17
VisualStudioVersion = 17.0.31903.59
MinimumVisualStudioVersion = 10.0.40219.1
Project("{2150E333-8FDC-42A3-9474-1A3956D46DE8}") = "src", "src", "{827E0CD3-B72D-47B6-A68D-7590B98EB39B}"
EndProject
Project("{FAE04EC0-301F-11D3-BF4B-00C04F79EFBC}") = "DSCC.Protocol", "src\DSCC.Protocol\DSCC.Protocol.csproj", "{E3250355-B99D-4FE8-AE99-A8309B915144}"
EndProject
Project("{FAE04EC0-301F-11D3-BF4B-00C04F79EFBC}") = "DSCC.Core", "src\DSCC.Core\DSCC.Core.csproj", "{B032ED25-5347-461A-BC82-05DD10EB58A8}"
EndProject
Project("{FAE04EC0-301F-11D3-BF4B-00C04F79EFBC}") = "DSCC.Transport", "src\DSCC.Transport\DSCC.Transport.csproj", "{6D13C5D1-8349-4B2D-93FE-7BB2CCC77F74}"
EndProject
Project("{FAE04EC0-301F-11D3-BF4B-00C04F79EFBC}") = "DSCC.Replay", "src\DSCC.Replay\DSCC.Replay.csproj", "{EFBEA0E2-E1F3-4947-9B04-8222166D250E}"
EndProject
Project("{FAE04EC0-301F-11D3-BF4B-00C04F79EFBC}") = "DSCC.Orbbec", "src\DSCC.Orbbec\DSCC.Orbbec.csproj", "{2D427278-8A92-4220-9DD1-13FD47D6619C}"
EndProject
Project("{FAE04EC0-301F-11D3-BF4B-00C04F79EFBC}") = "DSCC.App.Wpf", "src\DSCC.App.Wpf\DSCC.App.Wpf.csproj", "{3427D1D6-258E-468E-A74E-544C1F86753B}"
EndProject
Project("{2150E333-8FDC-42A3-9474-1A3956D46DE8}") = "tests", "tests", "{0AB3BF05-4346-4AA6-1389-037BE0695223}"
EndProject
Project("{FAE04EC0-301F-11D3-BF4B-00C04F79EFBC}") = "DSCC.Core.Tests", "tests\DSCC.Core.Tests\DSCC.Core.Tests.csproj", "{EBF54F4E-AF9B-4505-A0E5-3BFA600836CF}"
EndProject
Project("{FAE04EC0-301F-11D3-BF4B-00C04F79EFBC}") = "DSCC.Protocol.Tests", "tests\DSCC.Protocol.Tests\DSCC.Protocol.Tests.csproj", "{7F83C57E-BA0A-4D0B-B7BE-9E7A03F8641F}"
EndProject
Project("{FAE04EC0-301F-11D3-BF4B-00C04F79EFBC}") = "DSCC.Orbbec.Tests", "tests\DSCC.Orbbec.Tests\DSCC.Orbbec.Tests.csproj", "{E345F8E8-E165-4DD4-8029-45361887D6F1}"
EndProject
Project("{FAE04EC0-301F-11D3-BF4B-00C04F79EFBC}") = "OrbbecSDK.CSharp", "src\OrbbecSDK.CSharp\OrbbecSDK.CSharp.csproj", "{837AD2B4-8600-48EA-88E5-D50C93C63CC3}"
EndProject
Project("{FAE04EC0-301F-11D3-BF4B-00C04F79EFBC}") = "DSCC.Replay.Tests", "tests\DSCC.Replay.Tests\DSCC.Replay.Tests.csproj", "{3604ECE7-6177-4C3D-9233-FBC82AC3C9D3}"
EndProject
Project("{2150E333-8FDC-42A3-9474-1A3956D46DE8}") = "tools", "tools", "{07C2787E-EAC7-C090-1BA3-A61EC2A24D84}"
EndProject
Project("{FAE04EC0-301F-11D3-BF4B-00C04F79EFBC}") = "DsccDeviceList", "tools\DsccDeviceList\DsccDeviceList.csproj", "{0036546F-D63E-422B-AAAB-694F6983F3FA}"
EndProject
Project("{FAE04EC0-301F-11D3-BF4B-00C04F79EFBC}") = "DsccUdpCapture", "tools\DsccUdpCapture\DsccUdpCapture.csproj", "{11B516A4-432D-4D6F-9569-3FA821B5092C}"
EndProject
Project("{FAE04EC0-301F-11D3-BF4B-00C04F79EFBC}") = "DsccFakeSender", "tools\DsccFakeSender\DsccFakeSender.csproj", "{09458240-1206-4398-BB50-C420C004BEA9}"
EndProject
Project("{FAE04EC0-301F-11D3-BF4B-00C04F79EFBC}") = "DsccUdpProbe", "tools\DsccUdpProbe\DsccUdpProbe.csproj", "{99783119-4011-4789-AA7A-DABF04321342}"
EndProject
Global
	GlobalSection(SolutionConfigurationPlatforms) = preSolution
		Debug|Any CPU = Debug|Any CPU
		Debug|x64 = Debug|x64
		Debug|x86 = Debug|x86
		Release|Any CPU = Release|Any CPU
		Release|x64 = Release|x64
		Release|x86 = Release|x86
	EndGlobalSection
	GlobalSection(ProjectConfigurationPlatforms) = postSolution
		{E3250355-B99D-4FE8-AE99-A8309B915144}.Debug|Any CPU.ActiveCfg = Debug|Any CPU
		{E3250355-B99D-4FE8-AE99-A8309B915144}.Debug|Any CPU.Build.0 = Debug|Any CPU
		{E3250355-B99D-4FE8-AE99-A8309B915144}.Debug|x64.ActiveCfg = Debug|Any CPU
		{E3250355-B99D-4FE8-AE99-A8309B915144}.Debug|x64.Build.0 = Debug|Any CPU
		{E3250355-B99D-4FE8-AE99-A8309B915144}.Debug|x86.ActiveCfg = Debug|Any CPU
		{E3250355-B99D-4FE8-AE99-A8309B915144}.Debug|x86.Build.0 = Debug|Any CPU
		{E3250355-B99D-4FE8-AE99-A8309B915144}.Release|Any CPU.ActiveCfg = Release|Any CPU
		{E3250355-B99D-4FE8-AE99-A8309B915144}.Release|Any CPU.Build.0 = Release|Any CPU
		{E3250355-B99D-4FE8-AE99-A8309B915144}.Release|x64.ActiveCfg = Release|Any CPU
		{E3250355-B99D-4FE8-AE99-A8309B915144}.Release|x64.Build.0 = Release|Any CPU
		{E3250355-B99D-4FE8-AE99-A8309B915144}.Release|x86.ActiveCfg = Release|Any CPU
		{E3250355-B99D-4FE8-AE99-A8309B915144}.Release|x86.Build.0 = Release|Any CPU
		{B032ED25-5347-461A-BC82-05DD10EB58A8}.Debug|Any CPU.ActiveCfg = Debug|Any CPU
		{B032ED25-5347-461A-BC82-05DD10EB58A8}.Debug|Any CPU.Build.0 = Debug|Any CPU
		{B032ED25-5347-461A-BC82-05DD10EB58A8}.Debug|x64.ActiveCfg = Debug|Any CPU
		{B032ED25-5347-461A-BC82-05DD10EB58A8}.Debug|x64.Build.0 = Debug|Any CPU
		{B032ED25-5347-461A-BC82-05DD10EB58A8}.Debug|x86.ActiveCfg = Debug|Any CPU
		{B032ED25-5347-461A-BC82-05DD10EB58A8}.Debug|x86.Build.0 = Debug|Any CPU
		{B032ED25-5347-461A-BC82-05DD10EB58A8}.Release|Any CPU.ActiveCfg = Release|Any CPU
		{B032ED25-5347-461A-BC82-05DD10EB58A8}.Release|Any CPU.Build.0 = Release|Any CPU
		{B032ED25-5347-461A-BC82-05DD10EB58A8}.Release|x64.ActiveCfg = Release|Any CPU
		{B032ED25-5347-461A-BC82-05DD10EB58A8}.Release|x64.Build.0 = Release|Any CPU
		{B032ED25-5347-461A-BC82-05DD10EB58A8}.Release|x86.ActiveCfg = Release|Any CPU
		{B032ED25-5347-461A-BC82-05DD10EB58A8}.Release|x86.Build.0 = Release|Any CPU
		{6D13C5D1-8349-4B2D-93FE-7BB2CCC77F74}.Debug|Any CPU.ActiveCfg = Debug|Any CPU
		{6D13C5D1-8349-4B2D-93FE-7BB2CCC77F74}.Debug|Any CPU.Build.0 = Debug|Any CPU
		{6D13C5D1-8349-4B2D-93FE-7BB2CCC77F74}.Debug|x64.ActiveCfg = Debug|Any CPU
		{6D13C5D1-8349-4B2D-93FE-7BB2CCC77F74}.Debug|x64.Build.0 = Debug|Any CPU
		{6D13C5D1-8349-4B2D-93FE-7BB2CCC77F74}.Debug|x86.ActiveCfg = Debug|Any CPU
		{6D13C5D1-8349-4B2D-93FE-7BB2CCC77F74}.Debug|x86.Build.0 = Debug|Any CPU
		{6D13C5D1-8349-4B2D-93FE-7BB2CCC77F74}.Release|Any CPU.ActiveCfg = Release|Any CPU
		{6D13C5D1-8349-4B2D-93FE-7BB2CCC77F74}.Release|Any CPU.Build.0 = Release|Any CPU
		{6D13C5D1-8349-4B2D-93FE-7BB2CCC77F74}.Release|x64.ActiveCfg = Release|Any CPU
		{6D13C5D1-8349-4B2D-93FE-7BB2CCC77F74}.Release|x64.Build.0 = Release|Any CPU
		{6D13C5D1-8349-4B2D-93FE-7BB2CCC77F74}.Release|x86.ActiveCfg = Release|Any CPU
		{6D13C5D1-8349-4B2D-93FE-7BB2CCC77F74}.Release|x86.Build.0 = Release|Any CPU
		{EFBEA0E2-E1F3-4947-9B04-8222166D250E}.Debug|Any CPU.ActiveCfg = Debug|Any CPU
		{EFBEA0E2-E1F3-4947-9B04-8222166D250E}.Debug|Any CPU.Build.0 = Debug|Any CPU
		{EFBEA0E2-E1F3-4947-9B04-8222166D250E}.Debug|x64.ActiveCfg = Debug|Any CPU
		{EFBEA0E2-E1F3-4947-9B04-8222166D250E}.Debug|x64.Build.0 = Debug|Any CPU
		{EFBEA0E2-E1F3-4947-9B04-8222166D250E}.Debug|x86.ActiveCfg = Debug|Any CPU
		{EFBEA0E2-E1F3-4947-9B04-8222166D250E}.Debug|x86.Build.0 = Debug|Any CPU
		{EFBEA0E2-E1F3-4947-9B04-8222166D250E}.Release|Any CPU.ActiveCfg = Release|Any CPU
		{EFBEA0E2-E1F3-4947-9B04-8222166D250E}.Release|Any CPU.Build.0 = Release|Any CPU
		{EFBEA0E2-E1F3-4947-9B04-8222166D250E}.Release|x64.ActiveCfg = Release|Any CPU
		{EFBEA0E2-E1F3-4947-9B04-8222166D250E}.Release|x64.Build.0 = Release|Any CPU
		{EFBEA0E2-E1F3-4947-9B04-8222166D250E}.Release|x86.ActiveCfg = Release|Any CPU
		{EFBEA0E2-E1F3-4947-9B04-8222166D250E}.Release|x86.Build.0 = Release|Any CPU
		{2D427278-8A92-4220-9DD1-13FD47D6619C}.Debug|Any CPU.ActiveCfg = Debug|Any CPU
		{2D427278-8A92-4220-9DD1-13FD47D6619C}.Debug|Any CPU.Build.0 = Debug|Any CPU
		{2D427278-8A92-4220-9DD1-13FD47D6619C}.Debug|x64.ActiveCfg = Debug|Any CPU
		{2D427278-8A92-4220-9DD1-13FD47D6619C}.Debug|x64.Build.0 = Debug|Any CPU
		{2D427278-8A92-4220-9DD1-13FD47D6619C}.Debug|x86.ActiveCfg = Debug|Any CPU
		{2D427278-8A92-4220-9DD1-13FD47D6619C}.Debug|x86.Build.0 = Debug|Any CPU
		{2D427278-8A92-4220-9DD1-13FD47D6619C}.Release|Any CPU.ActiveCfg = Release|Any CPU
		{2D427278-8A92-4220-9DD1-13FD47D6619C}.Release|Any CPU.Build.0 = Release|Any CPU
		{2D427278-8A92-4220-9DD1-13FD47D6619C}.Release|x64.ActiveCfg = Release|Any CPU
		{2D427278-8A92-4220-9DD1-13FD47D6619C}.Release|x64.Build.0 = Release|Any CPU
		{2D427278-8A92-4220-9DD1-13FD47D6619C}.Release|x86.ActiveCfg = Release|Any CPU
		{2D427278-8A92-4220-9DD1-13FD47D6619C}.Release|x86.Build.0 = Release|Any CPU
		{3427D1D6-258E-468E-A74E-544C1F86753B}.Debug|Any CPU.ActiveCfg = Debug|Any CPU
		{3427D1D6-258E-468E-A74E-544C1F86753B}.Debug|Any CPU.Build.0 = Debug|Any CPU
		{3427D1D6-258E-468E-A74E-544C1F86753B}.Debug|x64.ActiveCfg = Debug|Any CPU
		{3427D1D6-258E-468E-A74E-544C1F86753B}.Debug|x64.Build.0 = Debug|Any CPU
		{3427D1D6-258E-468E-A74E-544C1F86753B}.Debug|x86.ActiveCfg = Debug|Any CPU
		{3427D1D6-258E-468E-A74E-544C1F86753B}.Debug|x86.Build.0 = Debug|Any CPU
		{3427D1D6-258E-468E-A74E-544C1F86753B}.Release|Any CPU.ActiveCfg = Release|Any CPU
		{3427D1D6-258E-468E-A74E-544C1F86753B}.Release|Any CPU.Build.0 = Release|Any CPU
		{3427D1D6-258E-468E-A74E-544C1F86753B}.Release|x64.ActiveCfg = Release|Any CPU
		{3427D1D6-258E-468E-A74E-544C1F86753B}.Release|x64.Build.0 = Release|Any CPU
		{3427D1D6-258E-468E-A74E-544C1F86753B}.Release|x86.ActiveCfg = Release|Any CPU
		{3427D1D6-258E-468E-A74E-544C1F86753B}.Release|x86.Build.0 = Release|Any CPU
		{EBF54F4E-AF9B-4505-A0E5-3BFA600836CF}.Debug|Any CPU.ActiveCfg = Debug|Any CPU
		{EBF54F4E-AF9B-4505-A0E5-3BFA600836CF}.Debug|Any CPU.Build.0 = Debug|Any CPU
		{EBF54F4E-AF9B-4505-A0E5-3BFA600836CF}.Debug|x64.ActiveCfg = Debug|Any CPU
		{EBF54F4E-AF9B-4505-A0E5-3BFA600836CF}.Debug|x64.Build.0 = Debug|Any CPU
		{EBF54F4E-AF9B-4505-A0E5-3BFA600836CF}.Debug|x86.ActiveCfg = Debug|Any CPU
		{EBF54F4E-AF9B-4505-A0E5-3BFA600836CF}.Debug|x86.Build.0 = Debug|Any CPU
		{EBF54F4E-AF9B-4505-A0E5-3BFA600836CF}.Release|Any CPU.ActiveCfg = Release|Any CPU
		{EBF54F4E-AF9B-4505-A0E5-3BFA600836CF}.Release|Any CPU.Build.0 = Release|Any CPU
		{EBF54F4E-AF9B-4505-A0E5-3BFA600836CF}.Release|x64.ActiveCfg = Release|Any CPU
		{EBF54F4E-AF9B-4505-A0E5-3BFA600836CF}.Release|x64.Build.0 = Release|Any CPU
		{EBF54F4E-AF9B-4505-A0E5-3BFA600836CF}.Release|x86.ActiveCfg = Release|Any CPU
		{EBF54F4E-AF9B-4505-A0E5-3BFA600836CF}.Release|x86.Build.0 = Release|Any CPU
		{7F83C57E-BA0A-4D0B-B7BE-9E7A03F8641F}.Debug|Any CPU.ActiveCfg = Debug|Any CPU
		{7F83C57E-BA0A-4D0B-B7BE-9E7A03F8641F}.Debug|Any CPU.Build.0 = Debug|Any CPU
		{7F83C57E-BA0A-4D0B-B7BE-9E7A03F8641F}.Debug|x64.ActiveCfg = Debug|Any CPU
		{7F83C57E-BA0A-4D0B-B7BE-9E7A03F8641F}.Debug|x64.Build.0 = Debug|Any CPU
		{7F83C57E-BA0A-4D0B-B7BE-9E7A03F8641F}.Debug|x86.ActiveCfg = Debug|Any CPU
		{7F83C57E-BA0A-4D0B-B7BE-9E7A03F8641F}.Debug|x86.Build.0 = Debug|Any CPU
		{7F83C57E-BA0A-4D0B-B7BE-9E7A03F8641F}.Release|Any CPU.ActiveCfg = Release|Any CPU
		{7F83C57E-BA0A-4D0B-B7BE-9E7A03F8641F}.Release|Any CPU.Build.0 = Release|Any CPU
		{7F83C57E-BA0A-4D0B-B7BE-9E7A03F8641F}.Release|x64.ActiveCfg = Release|Any CPU
		{7F83C57E-BA0A-4D0B-B7BE-9E7A03F8641F}.Release|x64.Build.0 = Release|Any CPU
		{7F83C57E-BA0A-4D0B-B7BE-9E7A03F8641F}.Release|x86.ActiveCfg = Release|Any CPU
		{7F83C57E-BA0A-4D0B-B7BE-9E7A03F8641F}.Release|x86.Build.0 = Release|Any CPU
		{E345F8E8-E165-4DD4-8029-45361887D6F1}.Debug|Any CPU.ActiveCfg = Debug|Any CPU
		{E345F8E8-E165-4DD4-8029-45361887D6F1}.Debug|Any CPU.Build.0 = Debug|Any CPU
		{E345F8E8-E165-4DD4-8029-45361887D6F1}.Debug|x64.ActiveCfg = Debug|Any CPU
		{E345F8E8-E165-4DD4-8029-45361887D6F1}.Debug|x64.Build.0 = Debug|Any CPU
		{E345F8E8-E165-4DD4-8029-45361887D6F1}.Debug|x86.ActiveCfg = Debug|Any CPU
		{E345F8E8-E165-4DD4-8029-45361887D6F1}.Debug|x86.Build.0 = Debug|Any CPU
		{E345F8E8-E165-4DD4-8029-45361887D6F1}.Release|Any CPU.ActiveCfg = Release|Any CPU
		{E345F8E8-E165-4DD4-8029-45361887D6F1}.Release|Any CPU.Build.0 = Release|Any CPU
		{E345F8E8-E165-4DD4-8029-45361887D6F1}.Release|x64.ActiveCfg = Release|Any CPU
		{E345F8E8-E165-4DD4-8029-45361887D6F1}.Release|x64.Build.0 = Release|Any CPU
		{E345F8E8-E165-4DD4-8029-45361887D6F1}.Release|x86.ActiveCfg = Release|Any CPU
		{E345F8E8-E165-4DD4-8029-45361887D6F1}.Release|x86.Build.0 = Release|Any CPU
		{837AD2B4-8600-48EA-88E5-D50C93C63CC3}.Debug|Any CPU.ActiveCfg = Debug|Any CPU
		{837AD2B4-8600-48EA-88E5-D50C93C63CC3}.Debug|Any CPU.Build.0 = Debug|Any CPU
		{837AD2B4-8600-48EA-88E5-D50C93C63CC3}.Debug|x64.ActiveCfg = Debug|Any CPU
		{837AD2B4-8600-48EA-88E5-D50C93C63CC3}.Debug|x64.Build.0 = Debug|Any CPU
		{837AD2B4-8600-48EA-88E5-D50C93C63CC3}.Debug|x86.ActiveCfg = Debug|Any CPU
		{837AD2B4-8600-48EA-88E5-D50C93C63CC3}.Debug|x86.Build.0 = Debug|Any CPU
		{837AD2B4-8600-48EA-88E5-D50C93C63CC3}.Release|Any CPU.ActiveCfg = Release|Any CPU
		{837AD2B4-8600-48EA-88E5-D50C93C63CC3}.Release|Any CPU.Build.0 = Release|Any CPU
		{837AD2B4-8600-48EA-88E5-D50C93C63CC3}.Release|x64.ActiveCfg = Release|Any CPU
		{837AD2B4-8600-48EA-88E5-D50C93C63CC3}.Release|x64.Build.0 = Release|Any CPU
		{837AD2B4-8600-48EA-88E5-D50C93C63CC3}.Release|x86.ActiveCfg = Release|Any CPU
		{837AD2B4-8600-48EA-88E5-D50C93C63CC3}.Release|x86.Build.0 = Release|Any CPU
		{3604ECE7-6177-4C3D-9233-FBC82AC3C9D3}.Debug|Any CPU.ActiveCfg = Debug|Any CPU
		{3604ECE7-6177-4C3D-9233-FBC82AC3C9D3}.Debug|Any CPU.Build.0 = Debug|Any CPU
		{3604ECE7-6177-4C3D-9233-FBC82AC3C9D3}.Debug|x64.ActiveCfg = Debug|Any CPU
		{3604ECE7-6177-4C3D-9233-FBC82AC3C9D3}.Debug|x64.Build.0 = Debug|Any CPU
		{3604ECE7-6177-4C3D-9233-FBC82AC3C9D3}.Debug|x86.ActiveCfg = Debug|Any CPU
		{3604ECE7-6177-4C3D-9233-FBC82AC3C9D3}.Debug|x86.Build.0 = Debug|Any CPU
		{3604ECE7-6177-4C3D-9233-FBC82AC3C9D3}.Release|Any CPU.ActiveCfg = Release|Any CPU
		{3604ECE7-6177-4C3D-9233-FBC82AC3C9D3}.Release|Any CPU.Build.0 = Release|Any CPU
		{3604ECE7-6177-4C3D-9233-FBC82AC3C9D3}.Release|x64.ActiveCfg = Release|Any CPU
		{3604ECE7-6177-4C3D-9233-FBC82AC3C9D3}.Release|x64.Build.0 = Release|Any CPU
		{3604ECE7-6177-4C3D-9233-FBC82AC3C9D3}.Release|x86.ActiveCfg = Release|Any CPU
		{3604ECE7-6177-4C3D-9233-FBC82AC3C9D3}.Release|x86.Build.0 = Release|Any CPU
		{0036546F-D63E-422B-AAAB-694F6983F3FA}.Debug|Any CPU.ActiveCfg = Debug|x64
		{0036546F-D63E-422B-AAAB-694F6983F3FA}.Debug|Any CPU.Build.0 = Debug|x64
		{0036546F-D63E-422B-AAAB-694F6983F3FA}.Debug|x64.ActiveCfg = Debug|x64
		{0036546F-D63E-422B-AAAB-694F6983F3FA}.Debug|x64.Build.0 = Debug|x64
		{0036546F-D63E-422B-AAAB-694F6983F3FA}.Debug|x86.ActiveCfg = Debug|x64
		{0036546F-D63E-422B-AAAB-694F6983F3FA}.Debug|x86.Build.0 = Debug|x64
		{0036546F-D63E-422B-AAAB-694F6983F3FA}.Release|Any CPU.ActiveCfg = Release|x64
		{0036546F-D63E-422B-AAAB-694F6983F3FA}.Release|Any CPU.Build.0 = Release|x64
		{0036546F-D63E-422B-AAAB-694F6983F3FA}.Release|x64.ActiveCfg = Release|x64
		{0036546F-D63E-422B-AAAB-694F6983F3FA}.Release|x64.Build.0 = Release|x64
		{0036546F-D63E-422B-AAAB-694F6983F3FA}.Release|x86.ActiveCfg = Release|x64
		{0036546F-D63E-422B-AAAB-694F6983F3FA}.Release|x86.Build.0 = Release|x64
		{11B516A4-432D-4D6F-9569-3FA821B5092C}.Debug|Any CPU.ActiveCfg = Debug|Any CPU
		{11B516A4-432D-4D6F-9569-3FA821B5092C}.Debug|Any CPU.Build.0 = Debug|Any CPU
		{11B516A4-432D-4D6F-9569-3FA821B5092C}.Debug|x64.ActiveCfg = Debug|Any CPU
		{11B516A4-432D-4D6F-9569-3FA821B5092C}.Debug|x64.Build.0 = Debug|Any CPU
		{11B516A4-432D-4D6F-9569-3FA821B5092C}.Debug|x86.ActiveCfg = Debug|Any CPU
		{11B516A4-432D-4D6F-9569-3FA821B5092C}.Debug|x86.Build.0 = Debug|Any CPU
		{11B516A4-432D-4D6F-9569-3FA821B5092C}.Release|Any CPU.ActiveCfg = Release|Any CPU
		{11B516A4-432D-4D6F-9569-3FA821B5092C}.Release|Any CPU.Build.0 = Release|Any CPU
		{11B516A4-432D-4D6F-9569-3FA821B5092C}.Release|x64.ActiveCfg = Release|Any CPU
		{11B516A4-432D-4D6F-9569-3FA821B5092C}.Release|x64.Build.0 = Release|Any CPU
		{11B516A4-432D-4D6F-9569-3FA821B5092C}.Release|x86.ActiveCfg = Release|Any CPU
		{11B516A4-432D-4D6F-9569-3FA821B5092C}.Release|x86.Build.0 = Release|Any CPU
		{09458240-1206-4398-BB50-C420C004BEA9}.Debug|Any CPU.ActiveCfg = Debug|Any CPU
		{09458240-1206-4398-BB50-C420C004BEA9}.Debug|Any CPU.Build.0 = Debug|Any CPU
		{09458240-1206-4398-BB50-C420C004BEA9}.Debug|x64.ActiveCfg = Debug|Any CPU
		{09458240-1206-4398-BB50-C420C004BEA9}.Debug|x64.Build.0 = Debug|Any CPU
		{09458240-1206-4398-BB50-C420C004BEA9}.Debug|x86.ActiveCfg = Debug|Any CPU
		{09458240-1206-4398-BB50-C420C004BEA9}.Debug|x86.Build.0 = Debug|Any CPU
		{09458240-1206-4398-BB50-C420C004BEA9}.Release|Any CPU.ActiveCfg = Release|Any CPU
		{09458240-1206-4398-BB50-C420C004BEA9}.Release|Any CPU.Build.0 = Release|Any CPU
		{09458240-1206-4398-BB50-C420C004BEA9}.Release|x64.ActiveCfg = Release|Any CPU
		{09458240-1206-4398-BB50-C420C004BEA9}.Release|x64.Build.0 = Release|Any CPU
		{09458240-1206-4398-BB50-C420C004BEA9}.Release|x86.ActiveCfg = Release|Any CPU
		{09458240-1206-4398-BB50-C420C004BEA9}.Release|x86.Build.0 = Release|Any CPU
		{99783119-4011-4789-AA7A-DABF04321342}.Debug|Any CPU.ActiveCfg = Debug|Any CPU
		{99783119-4011-4789-AA7A-DABF04321342}.Debug|Any CPU.Build.0 = Debug|Any CPU
		{99783119-4011-4789-AA7A-DABF04321342}.Debug|x64.ActiveCfg = Debug|Any CPU
		{99783119-4011-4789-AA7A-DABF04321342}.Debug|x64.Build.0 = Debug|Any CPU
		{99783119-4011-4789-AA7A-DABF04321342}.Debug|x86.ActiveCfg = Debug|Any CPU
		{99783119-4011-4789-AA7A-DABF04321342}.Debug|x86.Build.0 = Debug|Any CPU
		{99783119-4011-4789-AA7A-DABF04321342}.Release|Any CPU.ActiveCfg = Release|Any CPU
		{99783119-4011-4789-AA7A-DABF04321342}.Release|Any CPU.Build.0 = Release|Any CPU
		{99783119-4011-4789-AA7A-DABF04321342}.Release|x64.ActiveCfg = Release|Any CPU
		{99783119-4011-4789-AA7A-DABF04321342}.Release|x64.Build.0 = Release|Any CPU
		{99783119-4011-4789-AA7A-DABF04321342}.Release|x86.ActiveCfg = Release|Any CPU
		{99783119-4011-4789-AA7A-DABF04321342}.Release|x86.Build.0 = Release|Any CPU
	EndGlobalSection
	GlobalSection(SolutionProperties) = preSolution
		HideSolutionNode = FALSE
	EndGlobalSection
	GlobalSection(NestedProjects) = preSolution
		{E3250355-B99D-4FE8-AE99-A8309B915144} = {827E0CD3-B72D-47B6-A68D-7590B98EB39B}
		{B032ED25-5347-461A-BC82-05DD10EB58A8} = {827E0CD3-B72D-47B6-A68D-7590B98EB39B}
		{6D13C5D1-8349-4B2D-93FE-7BB2CCC77F74} = {827E0CD3-B72D-47B6-A68D-7590B98EB39B}
		{EFBEA0E2-E1F3-4947-9B04-8222166D250E} = {827E0CD3-B72D-47B6-A68D-7590B98EB39B}
		{2D427278-8A92-4220-9DD1-13FD47D6619C} = {827E0CD3-B72D-47B6-A68D-7590B98EB39B}
		{3427D1D6-258E-468E-A74E-544C1F86753B} = {827E0CD3-B72D-47B6-A68D-7590B98EB39B}
		{EBF54F4E-AF9B-4505-A0E5-3BFA600836CF} = {0AB3BF05-4346-4AA6-1389-037BE0695223}
		{7F83C57E-BA0A-4D0B-B7BE-9E7A03F8641F} = {0AB3BF05-4346-4AA6-1389-037BE0695223}
		{E345F8E8-E165-4DD4-8029-45361887D6F1} = {0AB3BF05-4346-4AA6-1389-037BE0695223}
		{837AD2B4-8600-48EA-88E5-D50C93C63CC3} = {827E0CD3-B72D-47B6-A68D-7590B98EB39B}
		{3604ECE7-6177-4C3D-9233-FBC82AC3C9D3} = {0AB3BF05-4346-4AA6-1389-037BE0695223}
		{0036546F-D63E-422B-AAAB-694F6983F3FA} = {07C2787E-EAC7-C090-1BA3-A61EC2A24D84}
		{11B516A4-432D-4D6F-9569-3FA821B5092C} = {07C2787E-EAC7-C090-1BA3-A61EC2A24D84}
		{09458240-1206-4398-BB50-C420C004BEA9} = {07C2787E-EAC7-C090-1BA3-A61EC2A24D84}
		{99783119-4011-4789-AA7A-DABF04321342} = {07C2787E-EAC7-C090-1BA3-A61EC2A24D84}
	EndGlobalSection
EndGlobal
